
Microsoft Visual Studio Solution File, Format Version 12.00
# Visual Studio 15
VisualStudioVersion = 15.0.27428.2002
MinimumVisualStudioVersion = 10.0.40219.1
Project("{FAE04EC0-301F-11D3-BF4B-00C04F79EFBC}") = "Prod_Dbs_30065_01", "Qioptiq_Prod_Dbs\Prod_Dbs_30065_01.csproj", "{B0E15CFC-4313-47A3-BAA2-497E702EF6EA}"
EndProject
Global
	GlobalSection(SolutionConfigurationPlatforms) = preSolution
		Debug|Any CPU = Debug|Any CPU
		Release|Any CPU = Release|Any CPU
	EndGlobalSection
	GlobalSection(ProjectConfigurationPlatforms) = postSolution
		{B0E15CFC-4313-47A3-BAA2-497E702EF6EA}.Debug|Any CPU.ActiveCfg = Debug|Any CPU
		{B0E15CFC-4313-47A3-BAA2-497E702EF6EA}.Debug|Any CPU.Build.0 = Debug|Any CPU
		{B0E15CFC-4313-47A3-BAA2-497E702EF6EA}.Release|Any CPU.ActiveCfg = Release|Any CPU
		{B0E15CFC-4313-47A3-BAA2-497E702EF6EA}.Release|Any CPU.Build.0 = Release|Any CPU
	EndGlobalSection
	GlobalSection(SolutionProperties) = preSolution
		HideSolutionNode = FALSE
	EndGlobalSection
	GlobalSection(ExtensibilityGlobals) = postSolution
		SolutionGuid = {A2176517-9303-4279-93A9-72B0486F3D82}
	EndGlobalSection
EndGlobal
